
Microsoft Visual Studio Solution File, Format Version 12.00
# Visual Studio Version 17
VisualStudioVersion = 17.1.32210.238
MinimumVisualStudioVersion = 10.0.40219.1
Project("{9A19103F-16F7-4668-BE54-9A1E7A4F7556}") = "API", "API\API.csproj", "{BE5B5420-5C14-4838-98F5-0FCA407411E4}"
EndProject
Project("{9A19103F-16F7-4668-BE54-9A1E7A4F7556}") = "Domain", "Domain\Domain.csproj", "{C7F05D12-7E1C-4ADE-ABEA-5247018C41DF}"
EndProject
Project("{9A19103F-16F7-4668-BE54-9A1E7A4F7556}") = "Repository", "Repository\Repository.csproj", "{FC1A804A-876C-4776-BC1F-89254EF56ECF}"
EndProject
Project("{9A19103F-16F7-4668-BE54-9A1E7A4F7556}") = "Service", "Service\Service.csproj", "{4D89DC93-E30C-4924-ACF2-B9F8699BBCF1}"
	ProjectSection(ProjectDependencies) = postProject
		{0B399813-B235-4FF0-A99A-3892C6AC6C31} = {0B399813-B235-4FF0-A99A-3892C6AC6C31}
	EndProjectSection
EndProject
Project("{FAE04EC0-301F-11D3-BF4B-00C04F79EFBC}") = "Util", "Util\Util.csproj", "{0B399813-B235-4FF0-A99A-3892C6AC6C31}"
EndProject
Global
	GlobalSection(SolutionConfigurationPlatforms) = preSolution
		Debug|Any CPU = Debug|Any CPU
		Release|Any CPU = Release|Any CPU
	EndGlobalSection
	GlobalSection(ProjectConfigurationPlatforms) = postSolution
		{BE5B5420-5C14-4838-98F5-0FCA407411E4}.Debug|Any CPU.ActiveCfg = Debug|Any CPU
		{BE5B5420-5C14-4838-98F5-0FCA407411E4}.Debug|Any CPU.Build.0 = Debug|Any CPU
		{BE5B5420-5C14-4838-98F5-0FCA407411E4}.Release|Any CPU.ActiveCfg = Release|Any CPU
		{BE5B5420-5C14-4838-98F5-0FCA407411E4}.Release|Any CPU.Build.0 = Release|Any CPU
		{C7F05D12-7E1C-4ADE-ABEA-5247018C41DF}.Debug|Any CPU.ActiveCfg = Debug|Any CPU
		{C7F05D12-7E1C-4ADE-ABEA-5247018C41DF}.Debug|Any CPU.Build.0 = Debug|Any CPU
		{C7F05D12-7E1C-4ADE-ABEA-5247018C41DF}.Release|Any CPU.ActiveCfg = Release|Any CPU
		{C7F05D12-7E1C-4ADE-ABEA-5247018C41DF}.Release|Any CPU.Build.0 = Release|Any CPU
		{FC1A804A-876C-4776-BC1F-89254EF56ECF}.Debug|Any CPU.ActiveCfg = Debug|Any CPU
		{FC1A804A-876C-4776-BC1F-89254EF56ECF}.Debug|Any CPU.Build.0 = Debug|Any CPU
		{FC1A804A-876C-4776-BC1F-89254EF56ECF}.Release|Any CPU.ActiveCfg = Release|Any CPU
		{FC1A804A-876C-4776-BC1F-89254EF56ECF}.Release|Any CPU.Build.0 = Release|Any CPU
		{4D89DC93-E30C-4924-ACF2-B9F8699BBCF1}.Debug|Any CPU.ActiveCfg = Debug|Any CPU
		{4D89DC93-E30C-4924-ACF2-B9F8699BBCF1}.Debug|Any CPU.Build.0 = Debug|Any CPU
		{4D89DC93-E30C-4924-ACF2-B9F8699BBCF1}.Release|Any CPU.ActiveCfg = Release|Any CPU
		{4D89DC93-E30C-4924-ACF2-B9F8699BBCF1}.Release|Any CPU.Build.0 = Release|Any CPU
		{0B399813-B235-4FF0-A99A-3892C6AC6C31}.Debug|Any CPU.ActiveCfg = Debug|Any CPU
		{0B399813-B235-4FF0-A99A-3892C6AC6C31}.Debug|Any CPU.Build.0 = Debug|Any CPU
		{0B399813-B235-4FF0-A99A-3892C6AC6C31}.Release|Any CPU.ActiveCfg = Release|Any CPU
		{0B399813-B235-4FF0-A99A-3892C6AC6C31}.Release|Any CPU.Build.0 = Release|Any CPU
	EndGlobalSection
	GlobalSection(SolutionProperties) = preSolution
		HideSolutionNode = FALSE
	EndGlobalSection
	GlobalSection(ExtensibilityGlobals) = postSolution
		SolutionGuid = {336C20C5-F893-446C-994B-4402F87EC6B4}
	EndGlobalSection
EndGlobal
